lockfileVersion: '9.0'

settings:
  autoInstallPeers: true
  excludeLinksFromLockfile: false

importers:

  .:
    dependencies:
      '@stripe/react-stripe-js':
        specifier: ^6.2.0
        version: 6.2.0(@stripe/stripe-js@9.2.0)(react-dom@19.1.6(react@19.1.6))(react@19.1.6)
      '@stripe/stripe-js':
        specifier: ^9.2.0
        version: 9.2.0
      react:
        specifier: ~19.1.0
        version: 19.1.6
      react-dom:
        specifier: ~19.1.0
        version: 19.1.6(react@19.1.6)

packages:

  '@stripe/react-stripe-js@6.2.0':
    resolution: {integrity: sha512-GSCErjljZEQv9LaxP30xGOwstcMyyUzb5JyihXwvjOU95yrfhbiPG4K2KkwxYxn+WY0/AyHsRhPPoGRw7urBzg==}
    peerDependencies:
      '@stripe/stripe-js': '>=9.2.0 <10.0.0'
      react: '>=16.8.0 <20.0.0'
      react-dom: '>=16.8.0 <20.0.0'

  '@stripe/stripe-js@9.2.0':
    resolution: {integrity: sha512-YSzLC0t6VS9MDdPTynSMqU8IxrItFUjkDORALFT6sSMR/XZ5Vgm3RDp/Gk7z727MC4A9s4MFVel0gF0c7+kdrg==}
    engines: {node: '>=12.16'}

  js-tokens@4.0.0:
    resolution: {integrity: sha512-RdJUflcE3cUzKiMqQgsCu06FPu9UdIJO0beYbPhHN4k6apgJtifcoCtT9bcxOpYBtpD2kCM6Sbzg4CausW/PKQ==}

  loose-envify@1.4.0:
    resolution: {integrity: sha512-lyuxPGr/Wfhrlem2CL/UcnUc1zcqKAImBDzukY7Y5F/yQiNdko6+fRLevlw1HgMySw7f611UIY408EtxRSoK3Q==}
    hasBin: true

  object-assign@4.1.1:
    resolution: {integrity: sha512-rJgTQnkUnH1sFw8yT6VSU3zD3sWmu6sZhIseY8VX+GRu3P6F7Fu+JNDoXfklElbLJSnc3FUQHVe4cU5hj+BcUg==}
    engines: {node: '>=0.10.0'}

  prop-types@15.8.1:
    resolution: {integrity: sha512-oj87CgZICdulUohogVAR7AjlC0327U4el4L6eAvOqCeudMDVU0NThNaV+b9Df4dXgSP1gXMTnPdhfe/2qDH5cg==}

  react-dom@19.1.6:
    resolution: {integrity: sha512-oBnyV4xf0DWU7/iIFFjwS8CD/AL9MaXywTDpdKjq03d8JSNmvRbTUrHHm2nRpuOhXRMvzFSlWnGKJjyxwg903Q==}
    peerDependencies:
      react: ^19.1.6

  react-is@16.13.1:
    resolution: {integrity: sha512-24e6ynE2H+OKt4kqsOvNd8kBpV65zoxbA4BVsEOB3ARVWQki/DHzaUoC5KuON/BiccDaCCTZBuOcfZs70kR8bQ==}

  react@19.1.6:
    resolution: {integrity: sha512-GVXa6S2mNw6QQg1KZRnX7fB/3F5sEy+7nsL8IrrlOLDxKXyfR97ZP3hNvWidFy1YkJlUvMYpeqUFxwY1ez6h3A==}
    engines: {node: '>=0.10.0'}

  scheduler@0.26.0:
    resolution: {integrity: sha512-NlHwttCI/l5gCPR3D1nNXtWABUmBwvZpEQiD4IXSbIDq8BzLIK/7Ir5gTFSGZDUu37K5cMNp0hFtzO38sC7gWA==}

snapshots:

  '@stripe/react-stripe-js@6.2.0(@stripe/stripe-js@9.2.0)(react-dom@19.1.6(react@19.1.6))(react@19.1.6)':
    dependencies:
      '@stripe/stripe-js': 9.2.0
      prop-types: 15.8.1
      react: 19.1.6
      react-dom: 19.1.6(react@19.1.6)

  '@stripe/stripe-js@9.2.0': {}

  js-tokens@4.0.0: {}

  loose-envify@1.4.0:
    dependencies:
      js-tokens: 4.0.0

  object-assign@4.1.1: {}

  prop-types@15.8.1:
    dependencies:
      loose-envify: 1.4.0
      object-assign: 4.1.1
      react-is: 16.13.1

  react-dom@19.1.6(react@19.1.6):
    dependencies:
      react: 19.1.6
      scheduler: 0.26.0

  react-is@16.13.1: {}

  react@19.1.6: {}

  scheduler@0.26.0: {}
